// !$*UTF8*$!
{
	archiveVersion = 1;
	classes = {
	};
	objectVersion = 55;
	objects = {

/* Begin PBXBuildFile section */
		C159CD38283C06CF005FC8A3 /* AppDelegate.swift in Sources */ = {isa = PBXBuildFile; fileRef = C159CD37283C06CF005FC8A3 /* AppDelegate.swift */; };
		C159CD3A283C06CF005FC8A3 /* SceneDelegate.swift in Sources */ = {isa = PBXBuildFile; fileRef = C159CD39283C06CF005FC8A3 /* SceneDelegate.swift */; };
		C159CD3C283C06CF005FC8A3 /* ViewController.swift in Sources */ = {isa = PBXBuildFile; fileRef = C159CD3B283C06CF005FC8A3 /* ViewController.swift */; };
		C159CD3F283C06CF005FC8A3 /* Main.storyboard in Resources */ = {isa = PBXBuildFile; fileRef = C159CD3D283C06CF005FC8A3 /* Main.storyboard */; };
		C159CD41283C06D0005FC8A3 /* Assets.xcassets in Resources */ = {isa = PBXBuildFile; fileRef = C159CD40283C06D0005FC8A3 /* Assets.xcassets */; };
		C159CD44283C06D0005FC8A3 /* LaunchScreen.storyboard in Resources */ = {isa = PBXBuildFile; fileRef = C159CD42283C06D0005FC8A3 /* LaunchScreen.storyboard */; };
		C159CD4F283C06D0005FC8A3 /* M2sysTests.swift in Sources */ = {isa = PBXBuildFile; fileRef = C159CD4E283C06D0005FC8A3 /* M2sysTests.swift */; };
		C159CD59283C06D0005FC8A3 /* M2sysUITests.swift in Sources */ = {isa = PBXBuildFile; fileRef = C159CD58283C06D0005FC8A3 /* M2sysUITests.swift */; };
		C159CD5B283C06D0005FC8A3 /* M2sysUITestsLaunchTests.swift in Sources */ = {isa = PBXBuildFile; fileRef = C159CD5A283C06D0005FC8A3 /* M2sysUITestsLaunchTests.swift */; };
/* End PBXBuildFile section */

/* Begin PBXContainerItemProxy section */
		C159CD4B283C06D0005FC8A3 /* PBXContainerItemProxy */ = {
			isa = PBXContainerItemProxy;
			containerPortal = C159CD2C283C06CF005FC8A3 /* Project object */;
			proxyType = 1;
			remoteGlobalIDString = C159CD33283C06CF005FC8A3;
			remoteInfo = M2sys;
		};
		C159CD55283C06D0005FC8A3 /* PBXContainerItemProxy */ = {
			isa = PBXContainerItemProxy;
			containerPortal = C159CD2C283C06CF005FC8A3 /* Project object */;
			proxyType = 1;
			remoteGlobalIDString = C159CD33283C06CF005FC8A3;
			remoteInfo = M2sys;
		};
/* End PBXContainerItemProxy section */

/* Begin PBXFileReference section */
		C159CD34283C06CF005FC8A3 /* M2sys.app */ = {isa = PBXFileReference; explicitFileType = wrapper.application; includeInIndex = 0; path = M2sys.app; sourceTree = BUILT_PRODUCTS_DIR; };
		C159CD37283C06CF005FC8A3 /* AppDelegate.swift */ = {isa = PBXFileReference; lastKnownFileType = sourcecode.swift; path = AppDelegate.swift; sourceTree = "<group>"; };
		C159CD39283C06CF005FC8A3 /* SceneDelegate.swift */ = {isa = PBXFileReference; lastKnownFileType = sourcecode.swift; path = SceneDelegate.swift; sourceTree = "<group>"; };
		C159CD3B283C06CF005FC8A3 /* ViewController.swift */ = {isa = PBXFileReference; lastKnownFileType = sourcecode.swift; path = ViewController.swift; sourceTree = "<group>"; };
		C159CD3E283C06CF005FC8A3 /* Base */ = {isa = PBXFileReference; lastKnownFileType = file.storyboard; name = Base; path = Base.lproj/Main.storyboard; sourceTree = "<group>"; };
		C159CD40283C06D0005FC8A3 /* Assets.xcassets */ = {isa = PBXFileReference; lastKnownFileType = folder.assetcatalog; path = Assets.xcassets; sourceTree = "<group>"; };
		C159CD43283C06D0005FC8A3 /* Base */ = {isa = PBXFileReference; lastKnownFileType = file.storyboard; name = Base; path = Base.lproj/LaunchScreen.storyboard; sourceTree = "<group>"; };
		C159CD45283C06D0005FC8A3 /* Info.plist */ = {isa = PBXFileReference; lastKnownFileType = text.plist.xml; path = Info.plist; sourceTree = "<group>"; };
		C159CD4A283C06D0005FC8A3 /* M2sysTests.xctest */ = {isa = PBXFileReference; explicitFileType = wrapper.cfbundle; includeInIndex = 0; path = M2sysTests.xctest; sourceTree = BUILT_PRODUCTS_DIR; };
		C159CD4E283C06D0005FC8A3 /* M2sysTests.swift */ = {isa = PBXFileReference; lastKnownFileType = sourcecode.swift; path = M2sysTests.swift; sourceTree = "<group>"; };
		C159CD54283C06D0005FC8A3 /* M2sysUITests.xctest */ = {isa = PBXFileReference; explicitFileType = wrapper.cfbundle; includeInIndex = 0; path = M2sysUITests.xctest; sourceTree = BUILT_PRODUCTS_DIR; };
		C159CD58283C06D0005FC8A3 /* M2sysUITests.swift */ = {isa = PBXFileReference; lastKnownFileType = sourcecode.swift; path = M2sysUITests.swift; sourceTree = "<group>"; };
		C159CD5A283C06D0005FC8A3 /* M2sysUITestsLaunchTests.swift */ = {isa = PBXFileReference; lastKnownFileType = sourcecode.swift; path = M2sysUITestsLaunchTests.swift; sourceTree = "<group>"; };
/* End PBXFileReference section */

/* Begin PBXFrameworksBuildPhase section */
		C159CD31283C06CF005FC8A3 /* Frameworks */ = {
			isa = PBXFrameworksBuildPhase;
			buildActionMask = 2147483647;
			files = (
			);
			runOnlyForDeploymentPostprocessing = 0;
		};
		C159CD47283C06D0005FC8A3 /* Frameworks */ = {
			isa = PBXFrameworksBuildPhase;
			buildActionMask = 2147483647;
			files = (
			);
			runOnlyForDeploymentPostprocessing = 0;
		};
		C159CD51283C06D0005FC8A3 /* Frameworks */ = {
			isa = PBXFrameworksBuildPhase;
			buildActionMask = 2147483647;
			files = (
			);
			runOnlyForDeploymentPostprocessing = 0;
		};
/* End PBXFrameworksBuildPhase section */

/* Begin PBXGroup section */
		C159CD2B283C06CF005FC8A3 = {
			isa = PBXGroup;
			children = (
				C159CD36283C06CF005FC8A3 /* M2sys */,
				C159CD4D283C06D0005FC8A3 /* M2sysTests */,
				C159CD57283C06D0005FC8A3 /* M2sysUITests */,
				C159CD35283C06CF005FC8A3 /* Products */,
			);
			sourceTree = "<group>";
		};
		C159CD35283C06CF005FC8A3 /* Products */ = {
			isa = PBXGroup;
			children = (
				C159CD34283C06CF005FC8A3 /* M2sys.app */,
				C159CD4A283C06D0005FC8A3 /* M2sysTests.xctest */,
				C159CD54283C06D0005FC8A3 /* M2sysUITests.xctest */,
			);
			name = Products;
			sourceTree = "<group>";
		};
		C159CD36283C06CF005FC8A3 /* M2sys */ = {
			isa = PBXGroup;
			children = (
				C159CD37283C06CF005FC8A3 /* AppDelegate.swift */,
				C159CD39283C06CF005FC8A3 /* SceneDelegate.swift */,
				C159CD3B283C06CF005FC8A3 /* ViewController.swift */,
				C159CD3D283C06CF005FC8A3 /* Main.storyboard */,
				C159CD40283C06D0005FC8A3 /* Assets.xcassets */,
				C159CD42283C06D0005FC8A3 /* LaunchScreen.storyboard */,
				C159CD45283C06D0005FC8A3 /* Info.plist */,
			);
			path = M2sys;
			sourceTree = "<group>";
		};
		C159CD4D283C06D0005FC8A3 /* M2sysTests */ = {
			isa = PBXGroup;
			children = (
				C159CD4E283C06D0005FC8A3 /* M2sysTests.swift */,
			);
			path = M2sysTests;
			sourceTree = "<group>";
		};
		C159CD57283C06D0005FC8A3 /* M2sysUITests */ = {
			isa = PBXGroup;
			children = (
				C159CD58283C06D0005FC8A3 /* M2sysUITests.swift */,
				C159CD5A283C06D0005FC8A3 /* M2sysUITestsLaunchTests.swift */,
			);
			path = M2sysUITests;
			sourceTree = "<group>";
		};
/* End PBXGroup section */

/* Begin PBXNativeTarget section */
		C159CD33283C06CF005FC8A3 /* M2sys */ = {
			isa = PBXNativeTarget;
			buildConfigurationList = C159CD5E283C06D0005FC8A3 /* Build configuration list for PBXNativeTarget "M2sys" */;
			buildPhases = (
				C159CD30283C06CF005FC8A3 /* Sources */,
				C159CD31283C06CF005FC8A3 /* Frameworks */,
				C159CD32283C06CF005FC8A3 /* Resources */,
			);
			buildRules = (
			);
			dependencies = (
			);
			name = M2sys;
			productName = M2sys;
			productReference = C159CD34283C06CF005FC8A3 /* M2sys.app */;
			productType = "com.apple.product-type.application";
		};
		C159CD49283C06D0005FC8A3 /* M2sysTests */ = {
			isa = PBXNativeTarget;
			buildConfigurationList = C159CD61283C06D0005FC8A3 /* Build configuration list for PBXNativeTarget "M2sysTests" */;
			buildPhases = (
				C159CD46283C06D0005FC8A3 /* Sources */,
				C159CD47283C06D0005FC8A3 /* Frameworks */,
				C159CD48283C06D0005FC8A3 /* Resources */,
			);
			buildRules = (
			);
			dependencies = (
				C159CD4C283C06D0005FC8A3 /* PBXTargetDependency */,
			);
			name = M2sysTests;
			productName = M2sysTests;
			productReference = C159CD4A283C06D0005FC8A3 /* M2sysTests.xctest */;
			productType = "com.apple.product-type.bundle.unit-test";
		};
		C159CD53283C06D0005FC8A3 /* M2sysUITests */ = {
			isa = PBXNativeTarget;
			buildConfigurationList = C159CD64283C06D0005FC8A3 /* Build configuration list for PBXNativeTarget "M2sysUITests" */;
			buildPhases = (
				C159CD50283C06D0005FC8A3 /* Sources */,
				C159CD51283C06D0005FC8A3 /* Frameworks */,
				C159CD52283C06D0005FC8A3 /* Resources */,
			);
			buildRules = (
			);
			dependencies = (
				C159CD56283C06D0005FC8A3 /* PBXTargetDependency */,
			);
			name = M2sysUITests;
			productName = M2sysUITests;
			productReference = C159CD54283C06D0005FC8A3 /* M2sysUITests.xctest */;
			productType = "com.apple.product-type.bundle.ui-testing";
		};
/* End PBXNativeTarget section */

/* Begin PBXProject section */
		C159CD2C283C06CF005FC8A3 /* Project object */ = {
			isa = PBXProject;
			attributes = {
				BuildIndependentTargetsInParallel = 1;
				LastSwiftUpdateCheck = 1340;
				LastUpgradeCheck = 1340;
				TargetAttributes = {
					C159CD33283C06CF005FC8A3 = {
						CreatedOnToolsVersion = 13.4;
					};
					C159CD49283C06D0005FC8A3 = {
						CreatedOnToolsVersion = 13.4;
						TestTargetID = C159CD33283C06CF005FC8A3;
					};
					C159CD53283C06D0005FC8A3 = {
						CreatedOnToolsVersion = 13.4;
						TestTargetID = C159CD33283C06CF005FC8A3;
					};
				};
			};
			buildConfigurationList = C159CD2F283C06CF005FC8A3 /* Build configuration list for PBXProject "M2sys" */;
			compatibilityVersion = "Xcode 13.0";
			developmentRegion = en;
			hasScannedForEncodings = 0;
			knownRegions = (
				en,
				Base,
			);
			mainGroup = C159CD2B283C06CF005FC8A3;
			productRefGroup = C159CD35283C06CF005FC8A3 /* Products */;
			projectDirPath = "";
			projectRoot = "";
			targets = (
				C159CD33283C06CF005FC8A3 /* M2sys */,
				C159CD49283C06D0005FC8A3 /* M2sysTests */,
				C159CD53283C06D0005FC8A3 /* M2sysUITests */,
			);
		};
/* End PBXProject section */

/* Begin PBXResourcesBuildPhase section */
		C159CD32283C06CF005FC8A3 /* Resources */ = {
			isa = PBXResourcesBuildPhase;
			buildActionMask = 2147483647;
			files = (
				C159CD44283C06D0005FC8A3 /* LaunchScreen.storyboard in Resources */,
				C159CD41283C06D0005FC8A3 /* Assets.xcassets in Resources */,
				C159CD3F283C06CF005FC8A3 /* Main.storyboard in Resources */,
			);
			runOnlyForDeploymentPostprocessing = 0;
		};
		C159CD48283C06D0005FC8A3 /* Resources */ = {
			isa = PBXResourcesBuildPhase;
			buildActionMask = 2147483647;
			files = (
			);
			runOnlyForDeploymentPostprocessing = 0;
		};
		C159CD52283C06D0005FC8A3 /* Resources */ = {
			isa = PBXResourcesBuildPhase;
			buildActionMask = 2147483647;
			files = (
			);
			runOnlyForDeploymentPostprocessing = 0;
		};
/* End PBXResourcesBuildPhase section */

/* Begin PBXSourcesBuildPhase section */
		C159CD30283C06CF005FC8A3 /* Sources */ = {
			isa = PBXSourcesBuildPhase;
			buildActionMask = 2147483647;
			files = (
				C159CD3C283C06CF005FC8A3 /* ViewController.swift in Sources */,
				C159CD38283C06CF005FC8A3 /* AppDelegate.swift in Sources */,
				C159CD3A283C06CF005FC8A3 /* SceneDelegate.swift in Sources */,
			);
			runOnlyForDeploymentPostprocessing = 0;
		};
		C159CD46283C06D0005FC8A3 /* Sources */ = {
			isa = PBXSourcesBuildPhase;
			buildActionMask = 2147483647;
			files = (
				C159CD4F283C06D0005FC8A3 /* M2sysTests.swift in Sources */,
			);
			runOnlyForDeploymentPostprocessing = 0;
		};
		C159CD50283C06D0005FC8A3 /* Sources */ = {
			isa = PBXSourcesBuildPhase;
			buildActionMask = 2147483647;
			files = (
				C159CD59283C06D0005FC8A3 /* M2sysUITests.swift in Sources */,
				C159CD5B283C06D0005FC8A3 /* M2sysUITestsLaunchTests.swift in Sources */,
			);
			runOnlyForDeploymentPostprocessing = 0;
		};
/* End PBXSourcesBuildPhase section */

/* Begin PBXTargetDependency section */
		C159CD4C283C06D0005FC8A3 /* PBXTargetDependency */ = {
			isa = PBXTargetDependency;
			target = C159CD33283C06CF005FC8A3 /* M2sys */;
			targetProxy = C159CD4B283C06D0005FC8A3 /* PBXContainerItemProxy */;
		};
		C159CD56283C06D0005FC8A3 /* PBXTargetDependency */ = {
			isa = PBXTargetDependency;
			target = C159CD33283C06CF005FC8A3 /* M2sys */;
			targetProxy = C159CD55283C06D0005FC8A3 /* PBXContainerItemProxy */;
		};
/* End PBXTargetDependency section */

/* Begin PBXVariantGroup section */
		C159CD3D283C06CF005FC8A3 /* Main.storyboard */ = {
			isa = PBXVariantGroup;
			children = (
				C159CD3E283C06CF005FC8A3 /* Base */,
			);
			name = Main.storyboard;
			sourceTree = "<group>";
		};
		C159CD42283C06D0005FC8A3 /* LaunchScreen.storyboard */ = {
			isa = PBXVariantGroup;
			children = (
				C159CD43283C06D0005FC8A3 /* Base */,
			);
			name = LaunchScreen.storyboard;
			sourceTree = "<group>";
		};
/* End PBXVariantGroup section */

/* Begin XCBuildConfiguration section */
		C159CD5C283C06D0005FC8A3 /* Debug */ = {
			isa = XCBuildConfiguration;
			buildSettings = {
				ALWAYS_SEARCH_USER_PATHS = NO;
				CLANG_ANALYZER_NONNULL = YES;
				CLANG_ANALYZER_NUMBER_OBJECT_CONVERSION = YES_AGGRESSIVE;
				CLANG_CXX_LANGUAGE_STANDARD = "gnu++17";
				CLANG_ENABLE_MODULES = YES;
				CLANG_ENABLE_OBJC_ARC = YES;
				CLANG_ENABLE_OBJC_WEAK = YES;
				CLANG_WARN_BLOCK_CAPTURE_AUTORELEASING = YES;
				CLANG_WARN_BOOL_CONVERSION = YES;
				CLANG_WARN_COMMA = YES;
				CLANG_WARN_CONSTANT_CONVERSION = YES;
				CLANG_WARN_DEPRECATED_OBJC_IMPLEMENTATIONS = YES;
				CLANG_WARN_DIRECT_OBJC_ISA_USAGE = YES_ERROR;
				CLANG_WARN_DOCUMENTATION_COMMENTS = YES;
				CLANG_WARN_EMPTY_BODY = YES;
				CLANG_WARN_ENUM_CONVERSION = YES;
				CLANG_WARN_INFINITE_RECURSION = YES;
				CLANG_WARN_INT_CONVERSION = YES;
				CLANG_WARN_NON_LITERAL_NULL_CONVERSION = YES;
				CLANG_WARN_OBJC_IMPLICIT_RETAIN_SELF = YES;
				CLANG_WARN_OBJC_LITERAL_CONVERSION = YES;
				CLANG_WARN_OBJC_ROOT_CLASS = YES_ERROR;
				CLANG_WARN_QUOTED_INCLUDE_IN_FRAMEWORK_HEADER = YES;
				CLANG_WARN_RANGE_LOOP_ANALYSIS = YES;
				CLANG_WARN_STRICT_PROTOTYPES = YES;
				CLANG_WARN_SUSPICIOUS_MOVE = YES;
				CLANG_WARN_UNGUARDED_AVAILABILITY = YES_AGGRESSIVE;
				CLANG_WARN_UNREACHABLE_CODE = YES;
				CLANG_WARN__DUPLICATE_METHOD_MATCH = YES;
				COPY_PHASE_STRIP = NO;
				DEBUG_INFORMATION_FORMAT = dwarf;
				ENABLE_STRICT_OBJC_MSGSEND = YES;
				ENABLE_TESTABILITY = YES;
				GCC_C_LANGUAGE_STANDARD = gnu11;
				GCC_DYNAMIC_NO_PIC = NO;
				GCC_NO_COMMON_BLOCKS = YES;
				GCC_OPTIMIZATION_LEVEL = 0;
				GCC_PREPROCESSOR_DEFINITIONS = (
					"DEBUG=1",
					"$(inherited)",
				);
				GCC_WARN_64_TO_32_BIT_CONVERSION = YES;
				GCC_WARN_ABOUT_RETURN_TYPE = YES_ERROR;
				GCC_WARN_UNDECLARED_SELECTOR = YES;
				GCC_WARN_UNINITIALIZED_AUTOS = YES_AGGRESSIVE;
				GCC_WARN_UNUSED_FUNCTION = YES;
				GCC_WARN_UNUSED_VARIABLE = YES;
				IPHONEOS_DEPLOYMENT_TARGET = 15.5;
				MTL_ENABLE_DEBUG_INFO = INCLUDE_SOURCE;
				MTL_FAST_MATH = YES;
				ONLY_ACTIVE_ARCH = YES;
				SDKROOT = iphoneos;
				SWIFT_ACTIVE_COMPILATION_CONDITIONS = DEBUG;
				SWIFT_OPTIMIZATION_LEVEL = "-Onone";
			};
			name = Debug;
		};
		C159CD5D283C06D0005FC8A3 /* Release */ = {
			isa = XCBuildConfiguration;
			buildSettings = {
				ALWAYS_SEARCH_USER_PATHS = NO;
				CLANG_ANALYZER_NONNULL = YES;
				CLANG_ANALYZER_NUMBER_OBJECT_CONVERSION = YES_AGGRESSIVE;
				CLANG_CXX_LANGUAGE_STANDARD = "gnu++17";
				CLANG_ENABLE_MODULES = YES;
				CLANG_ENABLE_OBJC_ARC = YES;
				CLANG_ENABLE_OBJC_WEAK = YES;
				CLANG_WARN_BLOCK_CAPTURE_AUTORELEASING = YES;
				CLANG_WARN_BOOL_CONVERSION = YES;
				CLANG_WARN_COMMA = YES;
				CLANG_WARN_CONSTANT_CONVERSION = YES;
				CLANG_WARN_DEPRECATED_OBJC_IMPLEMENTATIONS = YES;
				CLANG_WARN_DIRECT_OBJC_ISA_USAGE = YES_ERROR;
				CLANG_WARN_DOCUMENTATION_COMMENTS = YES;
				CLANG_WARN_EMPTY_BODY = YES;
				CLANG_WARN_ENUM_CONVERSION = YES;
				CLANG_WARN_INFINITE_RECURSION = YES;
				CLANG_WARN_INT_CONVERSION = YES;
				CLANG_WARN_NON_LITERAL_NULL_CONVERSION = YES;
				CLANG_WARN_OBJC_IMPLICIT_RETAIN_SELF = YES;
				CLANG_WARN_OBJC_LITERAL_CONVERSION = YES;
				CLANG_WARN_OBJC_ROOT_CLASS = YES_ERROR;
				CLANG_WARN_QUOTED_INCLUDE_IN_FRAMEWORK_HEADER = YES;
				CLANG_WARN_RANGE_LOOP_ANALYSIS = YES;
				CLANG_WARN_STRICT_PROTOTYPES = YES;
				CLANG_WARN_SUSPICIOUS_MOVE = YES;
				CLANG_WARN_UNGUARDED_AVAILABILITY = YES_AGGRESSIVE;
				CLANG_WARN_UNREACHABLE_CODE = YES;
				CLANG_WARN__DUPLICATE_METHOD_MATCH = YES;
				COPY_PHASE_STRIP = NO;
				DEBUG_INFORMATION_FORMAT = "dwarf-with-dsym";
				ENABLE_NS_ASSERTIONS = NO;
				ENABLE_STRICT_OBJC_MSGSEND = YES;
				GCC_C_LANGUAGE_STANDARD = gnu11;
				GCC_NO_COMMON_BLOCKS = YES;
				GCC_WARN_64_TO_32_BIT_CONVERSION = YES;
				GCC_WARN_ABOUT_RETURN_TYPE = YES_ERROR;
				GCC_WARN_UNDECLARED_SELECTOR = YES;
				GCC_WARN_UNINITIALIZED_AUTOS = YES_AGGRESSIVE;
				GCC_WARN_UNUSED_FUNCTION = YES;
				GCC_WARN_UNUSED_VARIABLE = YES;
				IPHONEOS_DEPLOYMENT_TARGET = 15.5;
				MTL_ENABLE_DEBUG_INFO = NO;
				MTL_FAST_MATH = YES;
				SDKROOT = iphoneos;
				SWIFT_COMPILATION_MODE = wholemodule;
				SWIFT_OPTIMIZATION_LEVEL = "-O";
				VALIDATE_PRODUCT = YES;
			};
			name = Release;
		};
		C159CD5F283C06D0005FC8A3 /* Debug */ = {
			isa = XCBuildConfiguration;
			buildSettings = {
				ASSETCATALOG_COMPILER_APPICON_NAME = AppIcon;
				ASSETCATALOG_COMPILER_GLOBAL_ACCENT_COLOR_NAME = AccentColor;
				CODE_SIGN_STYLE = Automatic;
				CURRENT_PROJECT_VERSION = 1;
				DEVELOPMENT_TEAM = KNU877TL34;
				GENERATE_INFOPLIST_FILE = YES;
				INFOPLIST_FILE = M2sys/Info.plist;
				INFOPLIST_KEY_UIApplicationSupportsIndirectInputEvents = YES;
				INFOPLIST_KEY_UILaunchStoryboardName = LaunchScreen;
				INFOPLIST_KEY_UIMainStoryboardFile = Main;
				INFOPLIST_KEY_UISupportedInterfaceOrientations_iPad = "UIInterfaceOrientationPortrait UIInterfaceOrientationPortraitUpsideDown UIInterfaceOrientationLandscapeLeft UIInterfaceOrientationLandscapeRight";
				INFOPLIST_KEY_UISupportedInterfaceOrientations_iPhone = "UIInterfaceOrientationPortrait UIInterfaceOrientationLandscapeLeft UIInterfaceOrientationLandscapeRight";
				LD_RUNPATH_SEARCH_PATHS = (
					"$(inherited)",
					"@executable_path/Frameworks",
				);
				MARKETING_VERSION = 1.0;
				PRODUCT_BUNDLE_IDENTIFIER = com.paradox.M2sys;
				PRODUCT_NAME = "$(TARGET_NAME)";
				SWIFT_EMIT_LOC_STRINGS = YES;
				SWIFT_VERSION = 5.0;
				TARGETED_DEVICE_FAMILY = "1,2";
			};
			name = Debug;
		};
		C159CD60283C06D0005FC8A3 /* Release */ = {
			isa = XCBuildConfiguration;
			buildSettings = {
				ASSETCATALOG_COMPILER_APPICON_NAME = AppIcon;
				ASSETCATALOG_COMPILER_GLOBAL_ACCENT_COLOR_NAME = AccentColor;
				CODE_SIGN_STYLE = Automatic;
				CURRENT_PROJECT_VERSION = 1;
				DEVELOPMENT_TEAM = KNU877TL34;
				GENERATE_INFOPLIST_FILE = YES;
				INFOPLIST_FILE = M2sys/Info.plist;
				INFOPLIST_KEY_UIApplicationSupportsIndirectInputEvents = YES;
				INFOPLIST_KEY_UILaunchStoryboardName = LaunchScreen;
				INFOPLIST_KEY_UIMainStoryboardFile = Main;
				INFOPLIST_KEY_UISupportedInterfaceOrientations_iPad = "UIInterfaceOrientationPortrait UIInterfaceOrientationPortraitUpsideDown UIInterfaceOrientationLandscapeLeft UIInterfaceOrientationLandscapeRight";
				INFOPLIST_KEY_UISupportedInterfaceOrientations_iPhone = "UIInterfaceOrientationPortrait UIInterfaceOrientationLandscapeLeft UIInterfaceOrientationLandscapeRight";
				LD_RUNPATH_SEARCH_PATHS = (
					"$(inherited)",
					"@executable_path/Frameworks",
				);
				MARKETING_VERSION = 1.0;
				PRODUCT_BUNDLE_IDENTIFIER = com.paradox.M2sys;
				PRODUCT_NAME = "$(TARGET_NAME)";
				SWIFT_EMIT_LOC_STRINGS = YES;
				SWIFT_VERSION = 5.0;
				TARGETED_DEVICE_FAMILY = "1,2";
			};
			name = Release;
		};
		C159CD62283C06D0005FC8A3 /* Debug */ = {
			isa = XCBuildConfiguration;
			buildSettings = {
				ALWAYS_EMBED_SWIFT_STANDARD_LIBRARIES = YES;
				BUNDLE_LOADER = "$(TEST_HOST)";
				CODE_SIGN_STYLE = Automatic;
				CURRENT_PROJECT_VERSION = 1;
				DEVELOPMENT_TEAM = KNU877TL34;
				GENERATE_INFOPLIST_FILE = YES;
				IPHONEOS_DEPLOYMENT_TARGET = 15.5;
				MARKETING_VERSION = 1.0;
				PRODUCT_BUNDLE_IDENTIFIER = com.paradox.M2sysTests;
				PRODUCT_NAME = "$(TARGET_NAME)";
				SWIFT_EMIT_LOC_STRINGS = NO;
				SWIFT_VERSION = 5.0;
				TARGETED_DEVICE_FAMILY = "1,2";
				TEST_HOST = "$(BUILT_PRODUCTS_DIR)/M2sys.app/M2sys";
			};
			name = Debug;
		};
		C159CD63283C06D0005FC8A3 /* Release */ = {
			isa = XCBuildConfiguration;
			buildSettings = {
				ALWAYS_EMBED_SWIFT_STANDARD_LIBRARIES = YES;
				BUNDLE_LOADER = "$(TEST_HOST)";
				CODE_SIGN_STYLE = Automatic;
				CURRENT_PROJECT_VERSION = 1;
				DEVELOPMENT_TEAM = KNU877TL34;
				GENERATE_INFOPLIST_FILE = YES;
				IPHONEOS_DEPLOYMENT_TARGET = 15.5;
				MARKETING_VERSION = 1.0;
				PRODUCT_BUNDLE_IDENTIFIER = com.paradox.M2sysTests;
				PRODUCT_NAME = "$(TARGET_NAME)";
				SWIFT_EMIT_LOC_STRINGS = NO;
				SWIFT_VERSION = 5.0;
				TARGETED_DEVICE_FAMILY = "1,2";
				TEST_HOST = "$(BUILT_PRODUCTS_DIR)/M2sys.app/M2sys";
			};
			name = Release;
		};
		C159CD65283C06D0005FC8A3 /* Debug */ = {
			isa = XCBuildConfiguration;
			buildSettings = {
				ALWAYS_EMBED_SWIFT_STANDARD_LIBRARIES = YES;
				CODE_SIGN_STYLE = Automatic;
				CURRENT_PROJECT_VERSION = 1;
				DEVELOPMENT_TEAM = KNU877TL34;
				GENERATE_INFOPLIST_FILE = YES;
				MARKETING_VERSION = 1.0;
				PRODUCT_BUNDLE_IDENTIFIER = com.paradox.M2sysUITests;
				PRODUCT_NAME = "$(TARGET_NAME)";
				SWIFT_EMIT_LOC_STRINGS = NO;
				SWIFT_VERSION = 5.0;
				TARGETED_DEVICE_FAMILY = "1,2";
				TEST_TARGET_NAME = M2sys;
			};
			name = Debug;
		};
		C159CD66283C06D0005FC8A3 /* Release */ = {
			isa = XCBuildConfiguration;
			buildSettings = {
				ALWAYS_EMBED_SWIFT_STANDARD_LIBRARIES = YES;
				CODE_SIGN_STYLE = Automatic;
				CURRENT_PROJECT_VERSION = 1;
				DEVELOPMENT_TEAM = KNU877TL34;
				GENERATE_INFOPLIST_FILE = YES;
				MARKETING_VERSION = 1.0;
				PRODUCT_BUNDLE_IDENTIFIER = com.paradox.M2sysUITests;
				PRODUCT_NAME = "$(TARGET_NAME)";
				SWIFT_EMIT_LOC_STRINGS = NO;
				SWIFT_VERSION = 5.0;
				TARGETED_DEVICE_FAMILY = "1,2";
				TEST_TARGET_NAME = M2sys;
			};
			name = Release;
		};
/* End XCBuildConfiguration section */

/* Begin XCConfigurationList section */
		C159CD2F283C06CF005FC8A3 /* Build configuration list for PBXProject "M2sys" */ = {
			isa = XCConfigurationList;
			buildConfigurations = (
				C159CD5C283C06D0005FC8A3 /* Debug */,
				C159CD5D283C06D0005FC8A3 /* Release */,
			);
			defaultConfigurationIsVisible = 0;
			defaultConfigurationName = Release;
		};
		C159CD5E283C06D0005FC8A3 /* Build configuration list for PBXNativeTarget "M2sys" */ = {
			isa = XCConfigurationList;
			buildConfigurations = (
				C159CD5F283C06D0005FC8A3 /* Debug */,
				C159CD60283C06D0005FC8A3 /* Release */,
			);
			defaultConfigurationIsVisible = 0;
			defaultConfigurationName = Release;
		};
		C159CD61283C06D0005FC8A3 /* Build configuration list for PBXNativeTarget "M2sysTests" */ = {
			isa = XCConfigurationList;
			buildConfigurations = (
				C159CD62283C06D0005FC8A3 /* Debug */,
				C159CD63283C06D0005FC8A3 /* Release */,
			);
			defaultConfigurationIsVisible = 0;
			defaultConfigurationName = Release;
		};
		C159CD64283C06D0005FC8A3 /* Build configuration list for PBXNativeTarget "M2sysUITests" */ = {
			isa = XCConfigurationList;
			buildConfigurations = (
				C159CD65283C06D0005FC8A3 /* Debug */,
				C159CD66283C06D0005FC8A3 /* Release */,
			);
			defaultConfigurationIsVisible = 0;
			defaultConfigurationName = Release;
		};
/* End XCConfigurationList section */
	};
	rootObject = C159CD2C283C06CF005FC8A3 /* Project object */;
}
